// !$*UTF8*$!
{
	archiveVersion = 1;
	classes = {
	};
	objectVersion = 50;
	objects = {

/* Begin PBXBuildFile section */
		2EE8AF8828ECBD37004CC59C /* main.cpp in Sources */ = {isa = PBXBuildFile; fileRef = 2EE8AF8728ECBD37004CC59C /* main.cpp */; };
		2EE8AF9128ECC27A004CC59C /* MetaDataMgr.cpp in Sources */ = {isa = PBXBuildFile; fileRef = 2EE8AF8F28ECC27A004CC59C /* MetaDataMgr.cpp */; };
		2EE8AF9528ECD91E004CC59C /* dbuf.cpp in Sources */ = {isa = PBXBuildFile; fileRef = 2EE8AF9428ECD91E004CC59C /* dbuf.cpp */; };
		2EE8AF9728ED1098004CC59C /* shairport-sync-metadata in CopyFiles */ = {isa = PBXBuildFile; fileRef = 2EE8AF9628ED108D004CC59C /* shairport-sync-metadata */; };
/* End PBXBuildFile section */

/* Begin PBXCopyFilesBuildPhase section */
		2EE8AF8228ECBD37004CC59C /* CopyFiles */ = {
			isa = PBXCopyFilesBuildPhase;
			buildActionMask = 12;
			dstPath = "";
			dstSubfolderSpec = 16;
			files = (
				2EE8AF9728ED1098004CC59C /* shairport-sync-metadata in CopyFiles */,
			);
			runOnlyForDeploymentPostprocessing = 0;
		};
/* End PBXCopyFilesBuildPhase section */

/* Begin PBXFileReference section */
		2EE8AF8428ECBD37004CC59C /* spmetadata */ = {isa = PBXFileReference; explicitFileType = "compiled.mach-o.executable"; includeInIndex = 0; path = spmetadata; sourceTree = BUILT_PRODUCTS_DIR; };
		2EE8AF8728ECBD37004CC59C /* main.cpp */ = {isa = PBXFileReference; lastKnownFileType = sourcecode.cpp.cpp; path = main.cpp; sourceTree = "<group>"; };
		2EE8AF8E28ECBDA2004CC59C /* CMakeLists.txt */ = {isa = PBXFileReference; lastKnownFileType = text; path = CMakeLists.txt; sourceTree = "<group>"; };
		2EE8AF8F28ECC27A004CC59C /* MetaDataMgr.cpp */ = {isa = PBXFileReference; lastKnownFileType = sourcecode.cpp.cpp; path = MetaDataMgr.cpp; sourceTree = "<group>"; };
		2EE8AF9028ECC27A004CC59C /* MetaDataMgr.hpp */ = {isa = PBXFileReference; lastKnownFileType = sourcecode.cpp.h; path = MetaDataMgr.hpp; sourceTree = "<group>"; };
		2EE8AF9228ECC599004CC59C /* CommonDefs.hpp */ = {isa = PBXFileReference; lastKnownFileType = sourcecode.cpp.h; path = CommonDefs.hpp; sourceTree = "<group>"; };
		2EE8AF9328ECD91E004CC59C /* dbuf.hpp */ = {isa = PBXFileReference; lastKnownFileType = sourcecode.cpp.h; path = dbuf.hpp; sourceTree = "<group>"; };
		2EE8AF9428ECD91E004CC59C /* dbuf.cpp */ = {isa = PBXFileReference; lastKnownFileType = sourcecode.cpp.cpp; path = dbuf.cpp; sourceTree = "<group>"; };
		2EE8AF9628ED108D004CC59C /* shairport-sync-metadata */ = {isa = PBXFileReference; lastKnownFileType = text; path = "shairport-sync-metadata"; sourceTree = "<group>"; };
/* End PBXFileReference section */

/* Begin PBXFrameworksBuildPhase section */
		2EE8AF8128ECBD37004CC59C /* Frameworks */ = {
			isa = PBXFrameworksBuildPhase;
			buildActionMask = 2147483647;
			files = (
			);
			runOnlyForDeploymentPostprocessing = 0;
		};
/* End PBXFrameworksBuildPhase section */

/* Begin PBXGroup section */
		2EE8AF7B28ECBD37004CC59C = {
			isa = PBXGroup;
			children = (
				2EE8AF8E28ECBDA2004CC59C /* CMakeLists.txt */,
				2EE8AF9628ED108D004CC59C /* shairport-sync-metadata */,
				2EE8AF8628ECBD37004CC59C /* src */,
				2EE8AF8528ECBD37004CC59C /* Products */,
			);
			sourceTree = "<group>";
		};
		2EE8AF8528ECBD37004CC59C /* Products */ = {
			isa = PBXGroup;
			children = (
				2EE8AF8428ECBD37004CC59C /* spmetadata */,
			);
			name = Products;
			sourceTree = "<group>";
		};
		2EE8AF8628ECBD37004CC59C /* src */ = {
			isa = PBXGroup;
			children = (
				2EE8AF8728ECBD37004CC59C /* main.cpp */,
				2EE8AF9228ECC599004CC59C /* CommonDefs.hpp */,
				2EE8AF9028ECC27A004CC59C /* MetaDataMgr.hpp */,
				2EE8AF8F28ECC27A004CC59C /* MetaDataMgr.cpp */,
				2EE8AF9328ECD91E004CC59C /* dbuf.hpp */,
				2EE8AF9428ECD91E004CC59C /* dbuf.cpp */,
			);
			path = src;
			sourceTree = "<group>";
		};
/* End PBXGroup section */

/* Begin PBXNativeTarget section */
		2EE8AF8328ECBD37004CC59C /* spmetadata */ = {
			isa = PBXNativeTarget;
			buildConfigurationList = 2EE8AF8B28ECBD37004CC59C /* Build configuration list for PBXNativeTarget "spmetadata" */;
			buildPhases = (
				2EE8AF8028ECBD37004CC59C /* Sources */,
				2EE8AF8128ECBD37004CC59C /* Frameworks */,
				2EE8AF8228ECBD37004CC59C /* CopyFiles */,
			);
			buildRules = (
			);
			dependencies = (
			);
			name = spmetadata;
			productName = spmetadata;
			productReference = 2EE8AF8428ECBD37004CC59C /* spmetadata */;
			productType = "com.apple.product-type.tool";
		};
/* End PBXNativeTarget section */

/* Begin PBXProject section */
		2EE8AF7C28ECBD37004CC59C /* Project object */ = {
			isa = PBXProject;
			attributes = {
				LastUpgradeCheck = 1250;
				TargetAttributes = {
					2EE8AF8328ECBD37004CC59C = {
						CreatedOnToolsVersion = 12.5.1;
					};
				};
			};
			buildConfigurationList = 2EE8AF7F28ECBD37004CC59C /* Build configuration list for PBXProject "spmetadata" */;
			compatibilityVersion = "Xcode 9.3";
			developmentRegion = en;
			hasScannedForEncodings = 0;
			knownRegions = (
				en,
				Base,
			);
			mainGroup = 2EE8AF7B28ECBD37004CC59C;
			productRefGroup = 2EE8AF8528ECBD37004CC59C /* Products */;
			projectDirPath = "";
			projectRoot = "";
			targets = (
				2EE8AF8328ECBD37004CC59C /* spmetadata */,
			);
		};
/* End PBXProject section */

/* Begin PBXSourcesBuildPhase section */
		2EE8AF8028ECBD37004CC59C /* Sources */ = {
			isa = PBXSourcesBuildPhase;
			buildActionMask = 2147483647;
			files = (
				2EE8AF9528ECD91E004CC59C /* dbuf.cpp in Sources */,
				2EE8AF8828ECBD37004CC59C /* main.cpp in Sources */,
				2EE8AF9128ECC27A004CC59C /* MetaDataMgr.cpp in Sources */,
			);
			runOnlyForDeploymentPostprocessing = 0;
		};
/* End PBXSourcesBuildPhase section */

/* Begin XCBuildConfiguration section */
		2EE8AF8928ECBD37004CC59C /* Debug */ = {
			isa = XCBuildConfiguration;
			buildSettings = {
				ALWAYS_SEARCH_USER_PATHS = NO;
				CLANG_ANALYZER_NONNULL = YES;
				CLANG_ANALYZER_NUMBER_OBJECT_CONVERSION = YES_AGGRESSIVE;
				CLANG_CXX_LANGUAGE_STANDARD = "gnu++14";
				CLANG_CXX_LIBRARY = "libc++";
				CLANG_ENABLE_MODULES = YES;
				CLANG_ENABLE_OBJC_ARC = YES;
				CLANG_ENABLE_OBJC_WEAK = YES;
				CLANG_WARN_BLOCK_CAPTURE_AUTORELEASING = YES;
				CLANG_WARN_BOOL_CONVERSION = YES;
				CLANG_WARN_COMMA = YES;
				CLANG_WARN_CONSTANT_CONVERSION = YES;
				CLANG_WARN_DEPRECATED_OBJC_IMPLEMENTATIONS = YES;
				CLANG_WARN_DIRECT_OBJC_ISA_USAGE = YES_ERROR;
				CLANG_WARN_DOCUMENTATION_COMMENTS = YES;
				CLANG_WARN_EMPTY_BODY = YES;
				CLANG_WARN_ENUM_CONVERSION = YES;
				CLANG_WARN_INFINITE_RECURSION = YES;
				CLANG_WARN_INT_CONVERSION = YES;
				CLANG_WARN_NON_LITERAL_NULL_CONVERSION = YES;
				CLANG_WARN_OBJC_IMPLICIT_RETAIN_SELF = YES;
				CLANG_WARN_OBJC_LITERAL_CONVERSION = YES;
				CLANG_WARN_OBJC_ROOT_CLASS = YES_ERROR;
				CLANG_WARN_QUOTED_INCLUDE_IN_FRAMEWORK_HEADER = YES;
				CLANG_WARN_RANGE_LOOP_ANALYSIS = YES;
				CLANG_WARN_STRICT_PROTOTYPES = YES;
				CLANG_WARN_SUSPICIOUS_MOVE = YES;
				CLANG_WARN_UNGUARDED_AVAILABILITY = YES_AGGRESSIVE;
				CLANG_WARN_UNREACHABLE_CODE = YES;
				CLANG_WARN__DUPLICATE_METHOD_MATCH = YES;
				COPY_PHASE_STRIP = NO;
				DEBUG_INFORMATION_FORMAT = dwarf;
				ENABLE_STRICT_OBJC_MSGSEND = YES;
				ENABLE_TESTABILITY = YES;
				GCC_C_LANGUAGE_STANDARD = gnu11;
				GCC_DYNAMIC_NO_PIC = NO;
				GCC_NO_COMMON_BLOCKS = YES;
				GCC_OPTIMIZATION_LEVEL = 0;
				GCC_PREPROCESSOR_DEFINITIONS = (
					"DEBUG=1",
					"$(inherited)",
				);
				GCC_WARN_64_TO_32_BIT_CONVERSION = YES;
				GCC_WARN_ABOUT_RETURN_TYPE = YES_ERROR;
				GCC_WARN_UNDECLARED_SELECTOR = YES;
				GCC_WARN_UNINITIALIZED_AUTOS = YES_AGGRESSIVE;
				GCC_WARN_UNUSED_FUNCTION = YES;
				GCC_WARN_UNUSED_VARIABLE = YES;
				MACOSX_DEPLOYMENT_TARGET = 11.3;
				MTL_ENABLE_DEBUG_INFO = INCLUDE_SOURCE;
				MTL_FAST_MATH = YES;
				ONLY_ACTIVE_ARCH = YES;
				SDKROOT = macosx;
			};
			name = Debug;
		};
		2EE8AF8A28ECBD37004CC59C /* Release */ = {
			isa = XCBuildConfiguration;
			buildSettings = {
				ALWAYS_SEARCH_USER_PATHS = NO;
				CLANG_ANALYZER_NONNULL = YES;
				CLANG_ANALYZER_NUMBER_OBJECT_CONVERSION = YES_AGGRESSIVE;
				CLANG_CXX_LANGUAGE_STANDARD = "gnu++14";
				CLANG_CXX_LIBRARY = "libc++";
				CLANG_ENABLE_MODULES = YES;
				CLANG_ENABLE_OBJC_ARC = YES;
				CLANG_ENABLE_OBJC_WEAK = YES;
				CLANG_WARN_BLOCK_CAPTURE_AUTORELEASING = YES;
				CLANG_WARN_BOOL_CONVERSION = YES;
				CLANG_WARN_COMMA = YES;
				CLANG_WARN_CONSTANT_CONVERSION = YES;
				CLANG_WARN_DEPRECATED_OBJC_IMPLEMENTATIONS = YES;
				CLANG_WARN_DIRECT_OBJC_ISA_USAGE = YES_ERROR;
				CLANG_WARN_DOCUMENTATION_COMMENTS = YES;
				CLANG_WARN_EMPTY_BODY = YES;
				CLANG_WARN_ENUM_CONVERSION = YES;
				CLANG_WARN_INFINITE_RECURSION = YES;
				CLANG_WARN_INT_CONVERSION = YES;
				CLANG_WARN_NON_LITERAL_NULL_CONVERSION = YES;
				CLANG_WARN_OBJC_IMPLICIT_RETAIN_SELF = YES;
				CLANG_WARN_OBJC_LITERAL_CONVERSION = YES;
				CLANG_WARN_OBJC_ROOT_CLASS = YES_ERROR;
				CLANG_WARN_QUOTED_INCLUDE_IN_FRAMEWORK_HEADER = YES;
				CLANG_WARN_RANGE_LOOP_ANALYSIS = YES;
				CLANG_WARN_STRICT_PROTOTYPES = YES;
				CLANG_WARN_SUSPICIOUS_MOVE = YES;
				CLANG_WARN_UNGUARDED_AVAILABILITY = YES_AGGRESSIVE;
				CLANG_WARN_UNREACHABLE_CODE = YES;
				CLANG_WARN__DUPLICATE_METHOD_MATCH = YES;
				COPY_PHASE_STRIP = NO;
				DEBUG_INFORMATION_FORMAT = "dwarf-with-dsym";
				ENABLE_NS_ASSERTIONS = NO;
				ENABLE_STRICT_OBJC_MSGSEND = YES;
				GCC_C_LANGUAGE_STANDARD = gnu11;
				GCC_NO_COMMON_BLOCKS = YES;
				GCC_WARN_64_TO_32_BIT_CONVERSION = YES;
				GCC_WARN_ABOUT_RETURN_TYPE = YES_ERROR;
				GCC_WARN_UNDECLARED_SELECTOR = YES;
				GCC_WARN_UNINITIALIZED_AUTOS = YES_AGGRESSIVE;
				GCC_WARN_UNUSED_FUNCTION = YES;
				GCC_WARN_UNUSED_VARIABLE = YES;
				MACOSX_DEPLOYMENT_TARGET = 11.3;
				MTL_ENABLE_DEBUG_INFO = NO;
				MTL_FAST_MATH = YES;
				SDKROOT = macosx;
			};
			name = Release;
		};
		2EE8AF8C28ECBD37004CC59C /* Debug */ = {
			isa = XCBuildConfiguration;
			buildSettings = {
				CODE_SIGN_STYLE = Automatic;
				DEVELOPMENT_TEAM = PDXWT4JFG9;
				ENABLE_HARDENED_RUNTIME = YES;
				PRODUCT_NAME = "$(TARGET_NAME)";
			};
			name = Debug;
		};
		2EE8AF8D28ECBD37004CC59C /* Release */ = {
			isa = XCBuildConfiguration;
			buildSettings = {
				CODE_SIGN_STYLE = Automatic;
				DEVELOPMENT_TEAM = PDXWT4JFG9;
				ENABLE_HARDENED_RUNTIME = YES;
				PRODUCT_NAME = "$(TARGET_NAME)";
			};
			name = Release;
		};
/* End XCBuildConfiguration section */

/* Begin XCConfigurationList section */
		2EE8AF7F28ECBD37004CC59C /* Build configuration list for PBXProject "spmetadata" */ = {
			isa = XCConfigurationList;
			buildConfigurations = (
				2EE8AF8928ECBD37004CC59C /* Debug */,
				2EE8AF8A28ECBD37004CC59C /* Release */,
			);
			defaultConfigurationIsVisible = 0;
			defaultConfigurationName = Release;
		};
		2EE8AF8B28ECBD37004CC59C /* Build configuration list for PBXNativeTarget "spmetadata" */ = {
			isa = XCConfigurationList;
			buildConfigurations = (
				2EE8AF8C28ECBD37004CC59C /* Debug */,
				2EE8AF8D28ECBD37004CC59C /* Release */,
			);
			defaultConfigurationIsVisible = 0;
			defaultConfigurationName = Release;
		};
/* End XCConfigurationList section */
	};
	rootObject = 2EE8AF7C28ECBD37004CC59C /* Project object */;
}
